
Microsoft Visual Studio Solution File, Format Version 12.00
# Visual Studio Version 16
VisualStudioVersion = 16.0.30011.22
MinimumVisualStudioVersion = 10.0.40219.1
Project("{FAE04EC0-301F-11D3-BF4B-00C04F79EFBC}") = "ADHuiswerkLes1", "ADHuiswerkLes1\ADHuiswerkLes1.csproj", "{10A5C4CE-7747-4C2D-ABC1-3CED235BE590}"
EndProject
Global
	GlobalSection(SolutionConfigurationPlatforms) = preSolution
		Debug|Any CPU = Debug|Any CPU
		Release|Any CPU = Release|Any CPU
	EndGlobalSection
	GlobalSection(ProjectConfigurationPlatforms) = postSolution
		{10A5C4CE-7747-4C2D-ABC1-3CED235BE590}.Debug|Any CPU.ActiveCfg = Debug|Any CPU
		{10A5C4CE-7747-4C2D-ABC1-3CED235BE590}.Debug|Any CPU.Build.0 = Debug|Any CPU
		{10A5C4CE-7747-4C2D-ABC1-3CED235BE590}.Release|Any CPU.ActiveCfg = Release|Any CPU
		{10A5C4CE-7747-4C2D-ABC1-3CED235BE590}.Release|Any CPU.Build.0 = Release|Any CPU
	EndGlobalSection
	GlobalSection(SolutionProperties) = preSolution
		HideSolutionNode = FALSE
	EndGlobalSection
	GlobalSection(ExtensibilityGlobals) = postSolution
		SolutionGuid = {22D441B8-FF08-44F7-872E-214F0016017B}
	EndGlobalSection
EndGlobal
